
Microsoft Visual Studio Solution File, Format Version 12.00
# Visual Studio 2012
Project("{FAE04EC0-301F-11D3-BF4B-00C04F79EFBC}") = "MvcRazor", "MvcRazor\MvcRazor.csproj", "{5EBCC3B9-FDCA-4604-AE0D-8332CBB13B5A}"
EndProject
Global
	GlobalSection(SolutionConfigurationPlatforms) = preSolution
		Debug|Any CPU = Debug|Any CPU
		Release|Any CPU = Release|Any CPU
	EndGlobalSection
	GlobalSection(ProjectConfigurationPlatforms) = postSolution
		{5EBCC3B9-FDCA-4604-AE0D-8332CBB13B5A}.Debug|Any CPU.ActiveCfg = Debug|Any CPU
		{5EBCC3B9-FDCA-4604-AE0D-8332CBB13B5A}.Debug|Any CPU.Build.0 = Debug|Any CPU
		{5EBCC3B9-FDCA-4604-AE0D-8332CBB13B5A}.Release|Any CPU.ActiveCfg = Release|Any CPU
		{5EBCC3B9-FDCA-4604-AE0D-8332CBB13B5A}.Release|Any CPU.Build.0 = Release|Any CPU
	EndGlobalSection
	GlobalSection(SolutionProperties) = preSolution
		HideSolutionNode = FALSE
	EndGlobalSection
EndGlobal
