
Microsoft Visual Studio Solution File, Format Version 12.00
# Visual Studio 2012
Project("{FAE04EC0-301F-11D3-BF4B-00C04F79EFBC}") = "EssentialTools", "EssentialTools\EssentialTools.csproj", "{B9D4FB01-2975-4999-9C9A-16EF2A549BEE}"
EndProject
Project("{FAE04EC0-301F-11D3-BF4B-00C04F79EFBC}") = "EssentialTools.Tests", "EssentialTools.Tests\EssentialTools.Tests.csproj", "{444CDAD8-BF18-4F08-BDFE-E9D4B9DED0D9}"
EndProject
Global
	GlobalSection(SolutionConfigurationPlatforms) = preSolution
		Debug|Any CPU = Debug|Any CPU
		Release|Any CPU = Release|Any CPU
	EndGlobalSection
	GlobalSection(ProjectConfigurationPlatforms) = postSolution
		{B9D4FB01-2975-4999-9C9A-16EF2A549BEE}.Debug|Any CPU.ActiveCfg = Debug|Any CPU
		{B9D4FB01-2975-4999-9C9A-16EF2A549BEE}.Debug|Any CPU.Build.0 = Debug|Any CPU
		{B9D4FB01-2975-4999-9C9A-16EF2A549BEE}.Release|Any CPU.ActiveCfg = Release|Any CPU
		{B9D4FB01-2975-4999-9C9A-16EF2A549BEE}.Release|Any CPU.Build.0 = Release|Any CPU
		{444CDAD8-BF18-4F08-BDFE-E9D4B9DED0D9}.Debug|Any CPU.ActiveCfg = Debug|Any CPU
		{444CDAD8-BF18-4F08-BDFE-E9D4B9DED0D9}.Debug|Any CPU.Build.0 = Debug|Any CPU
		{444CDAD8-BF18-4F08-BDFE-E9D4B9DED0D9}.Release|Any CPU.ActiveCfg = Release|Any CPU
		{444CDAD8-BF18-4F08-BDFE-E9D4B9DED0D9}.Release|Any CPU.Build.0 = Release|Any CPU
	EndGlobalSection
	GlobalSection(SolutionProperties) = preSolution
		HideSolutionNode = FALSE
	EndGlobalSection
EndGlobal
