
Microsoft Visual Studio Solution File, Format Version 12.00
# Visual Studio 2012
Project("{FAE04EC0-301F-11D3-BF4B-00C04F79EFBC}") = "Views", "Views\Views.csproj", "{DA4918E0-509C-40F1-8C7D-CB9D61B6487D}"
EndProject
Global
	GlobalSection(SolutionConfigurationPlatforms) = preSolution
		Debug|Any CPU = Debug|Any CPU
		Release|Any CPU = Release|Any CPU
	EndGlobalSection
	GlobalSection(ProjectConfigurationPlatforms) = postSolution
		{DA4918E0-509C-40F1-8C7D-CB9D61B6487D}.Debug|Any CPU.ActiveCfg = Debug|Any CPU
		{DA4918E0-509C-40F1-8C7D-CB9D61B6487D}.Debug|Any CPU.Build.0 = Debug|Any CPU
		{DA4918E0-509C-40F1-8C7D-CB9D61B6487D}.Release|Any CPU.ActiveCfg = Release|Any CPU
		{DA4918E0-509C-40F1-8C7D-CB9D61B6487D}.Release|Any CPU.Build.0 = Release|Any CPU
	EndGlobalSection
	GlobalSection(SolutionProperties) = preSolution
		HideSolutionNode = FALSE
	EndGlobalSection
EndGlobal
