
Microsoft Visual Studio Solution File, Format Version 12.00
# Visual Studio 2012
Project("{FAE04EC0-301F-11D3-BF4B-00C04F79EFBC}") = "01_GenerateUrl", "GenerateUrl\01_GenerateUrl.csproj", "{9B4765B5-AE88-41D5-AF37-FEF09E786782}"
EndProject
Project("{FAE04EC0-301F-11D3-BF4B-00C04F79EFBC}") = "02_GenerateUrl", "02_GenerateUrl\02_GenerateUrl.csproj", "{DDA0728C-D8EB-4EAC-8478-76D66F36DE3A}"
EndProject
Global
	GlobalSection(SolutionConfigurationPlatforms) = preSolution
		Debug|Any CPU = Debug|Any CPU
		Release|Any CPU = Release|Any CPU
	EndGlobalSection
	GlobalSection(ProjectConfigurationPlatforms) = postSolution
		{9B4765B5-AE88-41D5-AF37-FEF09E786782}.Debug|Any CPU.ActiveCfg = Debug|Any CPU
		{9B4765B5-AE88-41D5-AF37-FEF09E786782}.Debug|Any CPU.Build.0 = Debug|Any CPU
		{9B4765B5-AE88-41D5-AF37-FEF09E786782}.Release|Any CPU.ActiveCfg = Release|Any CPU
		{9B4765B5-AE88-41D5-AF37-FEF09E786782}.Release|Any CPU.Build.0 = Release|Any CPU
		{DDA0728C-D8EB-4EAC-8478-76D66F36DE3A}.Debug|Any CPU.ActiveCfg = Debug|Any CPU
		{DDA0728C-D8EB-4EAC-8478-76D66F36DE3A}.Debug|Any CPU.Build.0 = Debug|Any CPU
		{DDA0728C-D8EB-4EAC-8478-76D66F36DE3A}.Release|Any CPU.ActiveCfg = Release|Any CPU
		{DDA0728C-D8EB-4EAC-8478-76D66F36DE3A}.Release|Any CPU.Build.0 = Release|Any CPU
	EndGlobalSection
	GlobalSection(SolutionProperties) = preSolution
		HideSolutionNode = FALSE
	EndGlobalSection
EndGlobal
