
Microsoft Visual Studio Solution File, Format Version 12.00
# Visual Studio Version 16
VisualStudioVersion = 16.0.31205.134
MinimumVisualStudioVersion = 10.0.40219.1
Project("{FAE04EC0-301F-11D3-BF4B-00C04F79EFBC}") = "Demo1_MvcModels", "Demo1_MvcModels\Demo1_MvcModels.csproj", "{E68CBBB5-BCF5-4877-B4DB-6B483006527C}"
EndProject
Global
	GlobalSection(SolutionConfigurationPlatforms) = preSolution
		Debug|Any CPU = Debug|Any CPU
		Release|Any CPU = Release|Any CPU
	EndGlobalSection
	GlobalSection(ProjectConfigurationPlatforms) = postSolution
		{E68CBBB5-BCF5-4877-B4DB-6B483006527C}.Debug|Any CPU.ActiveCfg = Debug|Any CPU
		{E68CBBB5-BCF5-4877-B4DB-6B483006527C}.Debug|Any CPU.Build.0 = Debug|Any CPU
		{E68CBBB5-BCF5-4877-B4DB-6B483006527C}.Release|Any CPU.ActiveCfg = Release|Any CPU
		{E68CBBB5-BCF5-4877-B4DB-6B483006527C}.Release|Any CPU.Build.0 = Release|Any CPU
	EndGlobalSection
	GlobalSection(SolutionProperties) = preSolution
		HideSolutionNode = FALSE
	EndGlobalSection
	GlobalSection(ExtensibilityGlobals) = postSolution
		SolutionGuid = {DCCBC169-87B4-4AAA-BE2E-4F2907EE74DB}
	EndGlobalSection
EndGlobal
