
Microsoft Visual Studio Solution File, Format Version 12.00
# Visual Studio 2013
VisualStudioVersion = 12.0.30110.0
MinimumVisualStudioVersion = 10.0.40219.1
Project("{FAE04EC0-301F-11D3-BF4B-00C04F79EFBC}") = "01_HtmlHelperMethods", "01_HtmlHelperMethods\01_HtmlHelperMethods.csproj", "{A25AEFF8-513B-4358-8247-B2E9D1DF41DA}"
EndProject
Project("{FAE04EC0-301F-11D3-BF4B-00C04F79EFBC}") = "02_ExternalHelperMethods", "02_ExternalHelperMethods\02_ExternalHelperMethods.csproj", "{B970456B-E208-46BC-8EED-3E32B24AC173}"
EndProject
Project("{FAE04EC0-301F-11D3-BF4B-00C04F79EFBC}") = "03_ExternalHelperMethods", "03_ExternalHelperMethods\03_ExternalHelperMethods.csproj", "{03F4D622-C213-430A-A0D0-9E7F2DE92F0C}"
EndProject
Global
	GlobalSection(SolutionConfigurationPlatforms) = preSolution
		Debug|Any CPU = Debug|Any CPU
		Release|Any CPU = Release|Any CPU
	EndGlobalSection
	GlobalSection(ProjectConfigurationPlatforms) = postSolution
		{A25AEFF8-513B-4358-8247-B2E9D1DF41DA}.Debug|Any CPU.ActiveCfg = Debug|Any CPU
		{A25AEFF8-513B-4358-8247-B2E9D1DF41DA}.Debug|Any CPU.Build.0 = Debug|Any CPU
		{A25AEFF8-513B-4358-8247-B2E9D1DF41DA}.Release|Any CPU.ActiveCfg = Release|Any CPU
		{A25AEFF8-513B-4358-8247-B2E9D1DF41DA}.Release|Any CPU.Build.0 = Release|Any CPU
		{B970456B-E208-46BC-8EED-3E32B24AC173}.Debug|Any CPU.ActiveCfg = Debug|Any CPU
		{B970456B-E208-46BC-8EED-3E32B24AC173}.Debug|Any CPU.Build.0 = Debug|Any CPU
		{B970456B-E208-46BC-8EED-3E32B24AC173}.Release|Any CPU.ActiveCfg = Release|Any CPU
		{B970456B-E208-46BC-8EED-3E32B24AC173}.Release|Any CPU.Build.0 = Release|Any CPU
		{03F4D622-C213-430A-A0D0-9E7F2DE92F0C}.Debug|Any CPU.ActiveCfg = Debug|Any CPU
		{03F4D622-C213-430A-A0D0-9E7F2DE92F0C}.Debug|Any CPU.Build.0 = Debug|Any CPU
		{03F4D622-C213-430A-A0D0-9E7F2DE92F0C}.Release|Any CPU.ActiveCfg = Release|Any CPU
		{03F4D622-C213-430A-A0D0-9E7F2DE92F0C}.Release|Any CPU.Build.0 = Release|Any CPU
	EndGlobalSection
	GlobalSection(SolutionProperties) = preSolution
		HideSolutionNode = FALSE
	EndGlobalSection
EndGlobal
