
Microsoft Visual Studio Solution File, Format Version 12.00
# Visual Studio Version 16
VisualStudioVersion = 16.0.31205.134
MinimumVisualStudioVersion = 10.0.40219.1
Project("{FAE04EC0-301F-11D3-BF4B-00C04F79EFBC}") = "FilterWebApplication", "FilterWebApplication\FilterWebApplication.csproj", "{5E7AAACB-696E-4E9C-9E36-C0D73D0FA66A}"
EndProject
Global
	GlobalSection(SolutionConfigurationPlatforms) = preSolution
		Debug|Any CPU = Debug|Any CPU
		Release|Any CPU = Release|Any CPU
	EndGlobalSection
	GlobalSection(ProjectConfigurationPlatforms) = postSolution
		{5E7AAACB-696E-4E9C-9E36-C0D73D0FA66A}.Debug|Any CPU.ActiveCfg = Debug|Any CPU
		{5E7AAACB-696E-4E9C-9E36-C0D73D0FA66A}.Debug|Any CPU.Build.0 = Debug|Any CPU
		{5E7AAACB-696E-4E9C-9E36-C0D73D0FA66A}.Release|Any CPU.ActiveCfg = Release|Any CPU
		{5E7AAACB-696E-4E9C-9E36-C0D73D0FA66A}.Release|Any CPU.Build.0 = Release|Any CPU
	EndGlobalSection
	GlobalSection(SolutionProperties) = preSolution
		HideSolutionNode = FALSE
	EndGlobalSection
	GlobalSection(ExtensibilityGlobals) = postSolution
		SolutionGuid = {7FDD7150-3880-4CC8-AADC-F8EA7306DDEA}
	EndGlobalSection
EndGlobal
