
Microsoft Visual Studio Solution File, Format Version 12.00
# Visual Studio 2012
Project("{FAE04EC0-301F-11D3-BF4B-00C04F79EFBC}") = "01_FromControllerToView", "FromControllerToView\01_FromControllerToView.csproj", "{A3EA7BB0-4574-4747-82C4-A235BD0335B0}"
EndProject
Project("{FAE04EC0-301F-11D3-BF4B-00C04F79EFBC}") = "02_TempData", "02_TempData\02_TempData.csproj", "{23DA80D7-6331-400D-A968-6F9C6C56A64C}"
EndProject
Global
	GlobalSection(SolutionConfigurationPlatforms) = preSolution
		Debug|Any CPU = Debug|Any CPU
		Release|Any CPU = Release|Any CPU
	EndGlobalSection
	GlobalSection(ProjectConfigurationPlatforms) = postSolution
		{A3EA7BB0-4574-4747-82C4-A235BD0335B0}.Debug|Any CPU.ActiveCfg = Debug|Any CPU
		{A3EA7BB0-4574-4747-82C4-A235BD0335B0}.Debug|Any CPU.Build.0 = Debug|Any CPU
		{A3EA7BB0-4574-4747-82C4-A235BD0335B0}.Release|Any CPU.ActiveCfg = Release|Any CPU
		{A3EA7BB0-4574-4747-82C4-A235BD0335B0}.Release|Any CPU.Build.0 = Release|Any CPU
		{23DA80D7-6331-400D-A968-6F9C6C56A64C}.Debug|Any CPU.ActiveCfg = Debug|Any CPU
		{23DA80D7-6331-400D-A968-6F9C6C56A64C}.Debug|Any CPU.Build.0 = Debug|Any CPU
		{23DA80D7-6331-400D-A968-6F9C6C56A64C}.Release|Any CPU.ActiveCfg = Release|Any CPU
		{23DA80D7-6331-400D-A968-6F9C6C56A64C}.Release|Any CPU.Build.0 = Release|Any CPU
	EndGlobalSection
	GlobalSection(SolutionProperties) = preSolution
		HideSolutionNode = FALSE
	EndGlobalSection
EndGlobal
